
Microsoft Visual Studio Solution File, Format Version 12.00
# Visual Studio Version 17
VisualStudioVersion = 17.4.33122.133
MinimumVisualStudioVersion = 10.0.40219.1
Project("{FAE04EC0-301F-11D3-BF4B-00C04F79EFBC}") = "Expense Tracker", "Expense Tracker.csproj", "{742FA8DD-A195-4578-A088-55E12DDE2B87}"
EndProject
Global
	GlobalSection(SolutionConfigurationPlatforms) = preSolution
		Debug|Any CPU = Debug|Any CPU
		Release|Any CPU = Release|Any CPU
	EndGlobalSection
	GlobalSection(ProjectConfigurationPlatforms) = postSolution
		{742FA8DD-A195-4578-A088-55E12DDE2B87}.Debug|Any CPU.ActiveCfg = Debug|Any CPU
		{742FA8DD-A195-4578-A088-55E12DDE2B87}.Debug|Any CPU.Build.0 = Debug|Any CPU
		{742FA8DD-A195-4578-A088-55E12DDE2B87}.Release|Any CPU.ActiveCfg = Release|Any CPU
		{742FA8DD-A195-4578-A088-55E12DDE2B87}.Release|Any CPU.Build.0 = Release|Any CPU
	EndGlobalSection
	GlobalSection(SolutionProperties) = preSolution
		HideSolutionNode = FALSE
	EndGlobalSection
	GlobalSection(ExtensibilityGlobals) = postSolution
		SolutionGuid = {B806CB19-F1AD-4DEE-8785-7861DD94C1C7}
	EndGlobalSection
EndGlobal
